github.com/BurntSushi/toml v0.3.0 h1:e1/Ivsx3Z0FVTV0NSOv/aVgbUWyQuzj7DDnFblkRvsY=
github.com/BurntSushi/toml v0.3.0/go.mod h1:xHWCNGjB5oqiDr8zfno3MHue2Ht5sIBksp03qcyfWMU=
github.com/b4b4r07/go-colon v0.0.0-20170422170013-bc5ae99f1c2b h1:HsUCBMd35ftBSjQXlg0BR+wdbjMlJyV6j8tOC7VwV34=
github.com/b4b4r07/go-colon v0.0.0-20170422170013-bc5ae99f1c2b/go.mod h1:Zgql1XCCHFhr7N1n4rWNS1f7TTLNkVxGyD6vFr18DdE=
github.com/briandowns/spinner v0.0.0-20170404174923-fb621c2fd72f h1:vv09SPvWkvmEzbRlEb/0wSz9lab6+FiUAZTkkpx0WUU=
github.com/briandowns/spinner v0.0.0-20170404174923-fb621c2fd72f/go.mod h1:hw/JEQBIE+c/BLI4aKM8UU8v+ZqrD3h7HC27kKt8JQU=
github.com/chzyer/readline v0.0.0-20170313234921-41eea22f717c h1:XivOW3zP3dR0iERq+wQGK8K6JHCXKIpsAu/RjuARbUU=
github.com/chzyer/readline v0.0.0-20170313234921-41eea22f717c/go.mod h1:nSuG5e5PlCu98SY8svDHJxuZscDgtXS6KTTbou5AhLI=
github.com/fatih/color v1.4.1 h1:YJhD/SoQqn7ev9zwhIm7lHTAqsOAF2AN4xlAVZzNZnU=
github.com/fatih/color v1.4.1/go.mod h1:Zm6kSWBoL9eyXnKyktHP6abPY2pDugNf5KwzbycvMj4=
github.com/golang/protobuf v0.0.0-20170622202551-6a1fa9404c0a/go.mod h1:6lQm79b+lXiMfvg/cZm0SGofjICqVBUtrP5yJMmIC1U=
github.com/google/go-github v0.0.0-20170512175250-4a42a1def4af h1:+xW5mRARtj6byThrH4y4PPUlBEysNPWLu8WBT6NvZyE=
github.com/google/go-github v0.0.0-20170512175250-4a42a1def4af/go.mod h1:zLgOLi98H3fifZn+44m+umXrS52loVEgC2AApnigrVQ=
github.com/google/go-querystring v0.0.0-20170111101155-53e6ce116135 h1:zLTLjkaOFEFIOxY5BWLFLwh+cL8vOBW4XJ2aqLE/Tf0=
github.com/google/go-querystring v0.0.0-20170111101155-53e6ce116135/go.mod h1:odCYkC5MyYFN7vkCjXpyrEuKhc/BUO6wN/zVPAxq5ck=
github.com/inconshreveable/mousetrap v1.0.0/go.mod h1:PxqpIevigyE2G7u3NXJIT2ANytuPF1OarO4DADm73n8=
github.com/kballard/go-shellquote v0.0.0-20150810074751-d8ec1a69a250 h1:QyPDU73WRl/8CnuK3JltZLLuNhL3E4o3BROt4g8nFf0=
github.com/kballard/go-shellquote v0.0.0-20150810074751-d8ec1a69a250/go.mod h1:CzGEWj7cYgsdH8dAjBGEr58BoE7ScuLd+fwFZ44+/x8=
github.com/mattn/go-colorable v0.0.0-20170327083344-ded68f7a9561 h1:isR/L+BIZ+rqODWYR/f526ygrBMGKZYFhaaFRDGvuZ8=
github.com/mattn/go-colorable v0.0.0-20170327083344-ded68f7a9561/go.mod h1:9vuHe8Xs5qXnSaW/c/ABM9alt+Vo+STaOChaDxuIBZU=
github.com/mattn/go-isatty v0.0.2 h1:F+DnWktyadxnOrohKLNUC9/GjFii5RJgY4GFG6ilggw=
github.com/mattn/go-isatty v0.0.2/go.mod h1:M+lRXTBqGeGNdLjl/ufCoiOlB5xdOkqRJdNxMWT7Zi4=
github.com/mattn/go-runewidth v0.0.0-20170510074858-97311d9f7767 h1:Nk2R0tWpD2RdkQ+53zE6kWnSGuhQyDlnOs2MPiqVubE=
github.com/mattn/go-runewidth v0.0.0-20170510074858-97311d9f7767/go.mod h1:LwmH8dsx7+W8Uxz3IHJYH5QSwggIsqBzpuz5H//U1FU=
github.com/mattn/go-shellwords v1.0.3 h1:K/VxK7SZ+cvuPgFSLKi5QPI9Vr/ipOf4C1gN+ntueUk=
github.com/mattn/go-shellwords v1.0.3/go.mod h1:3xCvwCdWdlDJUrvuMn7Wuy9eWs4pE8vqg+NOMyg4B2o=
github.com/pkg/browser v0.0.0-20170505125900-c90ca0c84f15 h1:mrI+6Ae64Wjt+uahGe5we/sPS1sXjvfT3YjtawAVgps=
github.com/pkg/browser v0.0.0-20170505125900-c90ca0c84f15/go.mod h1:4OwLy04Bl9Ef3GJJCoec+30X3LQs/0/m4HFRt/2LUSA=
github.com/spf13/cobra v0.0.0-20170514125104-51b7cf57e102 h1:zVWWwqwYXKcDPq7G63KcHiks7RFR6D9LHmpIh1rxc3o=
github.com/spf13/cobra v0.0.0-20170514125104-51b7cf57e102/go.mod h1:1l0Ry5zgKvJasoi3XT1TypsSe7PqH0Sj9dhYf7v3XqQ=
github.com/spf13/pflag v1.0.0 h1:oaPbdDe/x0UncahuwiPxW1GYJyilRAdsPnq3e1yaPcI=
github.com/spf13/pflag v1.0.0/go.mod h1:DYY7MBk1bdzusC3SYhjObp+wFpr4gzcvqqNjLnInEg4=
golang.org/x/crypto v0.0.0-20170512130425-ab89591268e0 h1:Kv0JVjoWyBVkLETNHnV/PxoZcMP3J7+WTc6+QQnzZmY=
golang.org/x/crypto v0.0.0-20170512130425-ab89591268e0/go.mod h1:6SG95UA2DQfeDnfUPMdvaQW0Q7yPrPDi9nlGo2tz2b4=
golang.org/x/net v0.0.0-20170513003010-84f0e6f92b10 h1:ZKvORbFCQlZvHCWzpNCaToNXamq9BJj6rIodfQM1zfY=
golang.org/x/net v0.0.0-20170513003010-84f0e6f92b10/go.mod h1:mL1N/T3taQHkDXs73rZJwtUhF3w3ftmwwsq0BUmARs4=
golang.org/x/oauth2 v0.0.0-20170510215623-ad516a297a9f h1:CFH9uw6aZZxLWsJbWLYF+gzwJwaIBn0xeo9xdJuhTWA=
golang.org/x/oauth2 v0.0.0-20170510215623-ad516a297a9f/go.mod h1:N/0e6XlmueqKjAGxoOufVs8QHGRruUQn6yWY3a++T0U=
golang.org/x/sys v0.0.0-20160717071931-a646d33e2ee3/go.mod h1:STP8DvDyc/dI5b8T5hshtkjS+E42TnysNCUPdjciGhY=
google.golang.org/appengine v1.0.0/go.mod h1:EbEs0AVv82hx2wNQdGPgUI5lhzA/G0D9YwlJXL52JkM=
