memo = "9f98476a934b613cc2746ca578f69909ef9817e81bcf3d40a23fc73e2bd57a2d"

[[projects]]
  name = "github.com/BurntSushi/toml"
  packages = ["."]
  revision = "b26d9c308763d68093482582cea63d69be07a0f0"
  version = "v0.3.0"

[[projects]]
  branch = "master"
  name = "github.com/Songmu/strrand"
  packages = ["."]
  revision = "a1c6df8c2041a7dd2ccab2c6f8b7942ea0bb25aa"

[[projects]]
  branch = "master"
  name = "github.com/atotto/clipboard"
  packages = ["."]
  revision = "bb272b845f1112e10117e3e45ce39f690c0001ad"

[[projects]]
  branch = "master"
  name = "github.com/b4b4r07/go-colon"
  packages = ["."]
  revision = "bc5ae99f1c2b6d202bd43ea8258596f0a09e7378"

[[projects]]
  branch = "master"
  name = "github.com/briandowns/spinner"
  packages = ["."]
  revision = "fb621c2fd72fdd729f857e6d9c3a990e43fef910"

[[projects]]
  branch = "master"
  name = "github.com/chzyer/readline"
  packages = ["."]
  revision = "41eea22f717c616615e1e59aa06cf831f9901f35"

[[projects]]
  name = "github.com/fatih/color"
  packages = ["."]
  revision = "9131ab34cf20d2f6d83fdc67168a5430d1c7dc23"
  version = "v1.4.1"

[[projects]]
  branch = "master"
  name = "github.com/golang/protobuf"
  packages = ["proto"]
  revision = "fec3b39b059c0f88fa6b20f5ed012b1aa203a8b4"

[[projects]]
  branch = "master"
  name = "github.com/google/go-github"
  packages = ["github"]
  revision = "4b7b445665c8ce4f3c10c753b1884e2c4f09e323"

[[projects]]
  branch = "master"
  name = "github.com/google/go-querystring"
  packages = ["query"]
  revision = "53e6ce116135b80d037921a7fdd5138cf32d7a8a"

[[projects]]
  branch = "master"
  name = "github.com/inconshreveable/mousetrap"
  packages = ["."]
  revision = "76626ae9c91c4f2a10f34cad8ce83ea42c93bb75"

[[projects]]
  branch = "master"
  name = "github.com/kballard/go-shellquote"
  packages = ["."]
  revision = "d8ec1a69a250a17bb0e419c386eac1f3711dc142"

[[projects]]
  name = "github.com/mattn/go-colorable"
  packages = ["."]
  revision = "d228849504861217f796da67fae4f6e347643f15"
  version = "v0.0.7"

[[projects]]
  name = "github.com/mattn/go-isatty"
  packages = ["."]
  revision = "fc9e8d8ef48496124e79ae0df75490096eccf6fe"
  version = "v0.0.2"

[[projects]]
  name = "github.com/mattn/go-runewidth"
  packages = ["."]
  revision = "9e777a8366cce605130a531d2cd6363d07ad7317"
  version = "v0.0.2"

[[projects]]
  name = "github.com/mattn/go-shellwords"
  packages = ["."]
  revision = "02e3cf038dcea8290e44424da473dd12be796a8a"
  version = "v1.0.3"

[[projects]]
  branch = "master"
  name = "github.com/pkg/browser"
  packages = ["."]
  revision = "c90ca0c84f15f81c982e32665bffd8d7aac8f097"

[[projects]]
  branch = "master"
  name = "github.com/pkg/errors"
  packages = ["."]
  revision = "c605e284fe17294bda444b34710735b29d1a9d90"

[[projects]]
  name = "github.com/sirupsen/logrus"
  packages = ["."]
  revision = "ba1b36c82c5e05c4f912a88eab0dcd91a171688f"
  version = "v0.11.5"

[[projects]]
  branch = "master"
  name = "github.com/spf13/cobra"
  packages = ["."]
  revision = "4cdb38c072b86bf795d2c81de50784d9fdd6eb77"

[[projects]]
  branch = "master"
  name = "github.com/spf13/pflag"
  packages = ["."]
  revision = "e57e3eeb33f795204c1ca35f56c44f83227c6e66"

[[projects]]
  branch = "master"
  name = "golang.org/x/crypto"
  packages = ["ssh/terminal"]
  revision = "0fe963104e9d1877082f8fb38f816fcd97eb1d10"

[[projects]]
  branch = "master"
  name = "golang.org/x/net"
  packages = ["context"]
  revision = "34057069f4ab13dc4433c68d368737ebeafcccdc"

[[projects]]
  branch = "master"
  name = "golang.org/x/oauth2"
  packages = [".","internal"]
  revision = "ad516a297a9f2a74ecc244861b298c94bdd28b9d"

[[projects]]
  branch = "master"
  name = "golang.org/x/sys"
  packages = ["unix"]
  revision = "98b5b1e7e80eb60271c8dc4eba6521ec2c3e811e"

[[projects]]
  name = "google.golang.org/appengine"
  packages = [".","internal","internal/app_identity","internal/base","internal/datastore","internal/log","internal/modules","internal/remote_api","internal/urlfetch","urlfetch"]
  revision = "150dc57a1b433e64154302bdc40b6bb8aefa313a"
  version = "v1.0.0"
